
Microsoft Visual Studio Solution File, Format Version 12.00
# Visual Studio Version 16
VisualStudioVersion = 16.0.31624.102
MinimumVisualStudioVersion = 10.0.40219.1
Project("{2150E333-8FDC-42A3-9474-1A3956D46DE8}") = "src", "src", "{E97F4987-47BF-4265-887A-4C08018E7B60}"
EndProject
Project("{2150E333-8FDC-42A3-9474-1A3956D46DE8}") = "Core", "Core", "{C9B66414-3A1B-4845-A6CA-091C924ECE15}"
EndProject
Project("{2150E333-8FDC-42A3-9474-1A3956D46DE8}") = "Infrastructure", "Infrastructure", "{22778D64-504C-42C5-808E-9A160252C81A}"
EndProject
Project("{2150E333-8FDC-42A3-9474-1A3956D46DE8}") = "WebApi", "WebApi", "{C137A3C4-A7F3-47FB-9AC2-30AFEAE6A2CF}"
EndProject
Project("{FAE04EC0-301F-11D3-BF4B-00C04F79EFBC}") = "InstagramClone.Application", "src\Core\InstagramClone.Application\InstagramClone.Application.csproj", "{C80960A8-4F72-49B8-B485-F9695A234956}"
EndProject
Project("{FAE04EC0-301F-11D3-BF4B-00C04F79EFBC}") = "InstagramClone.Domain", "src\Core\InstagramClone.Domain\InstagramClone.Domain.csproj", "{47518BF2-FF26-4E19-9143-23366853E97F}"
EndProject
Project("{FAE04EC0-301F-11D3-BF4B-00C04F79EFBC}") = "InstagramClone.Persistence", "src\Infrastructure\InstagramClone.Persistence\InstagramClone.Persistence.csproj", "{45F653BC-827A-4070-AC8E-D4A6850463B7}"
EndProject
Project("{FAE04EC0-301F-11D3-BF4B-00C04F79EFBC}") = "InstagramClone.Infrastructure", "src\Infrastructure\InstagramClone.Infrastructure\InstagramClone.Infrastructure.csproj", "{950E69F2-07D5-45E7-8D79-DD24DCA427AA}"
EndProject
Project("{FAE04EC0-301F-11D3-BF4B-00C04F79EFBC}") = "InstagramClone.WebApi", "src\WebApi\InstagramClone.WebApi\InstagramClone.WebApi.csproj", "{71C3619D-05F2-4A13-818F-8BBAD8B79CA3}"
EndProject
Global
	GlobalSection(SolutionConfigurationPlatforms) = preSolution
		Debug|Any CPU = Debug|Any CPU
		Release|Any CPU = Release|Any CPU
	EndGlobalSection
	GlobalSection(ProjectConfigurationPlatforms) = postSolution
		{C80960A8-4F72-49B8-B485-F9695A234956}.Debug|Any CPU.ActiveCfg = Debug|Any CPU
		{C80960A8-4F72-49B8-B485-F9695A234956}.Debug|Any CPU.Build.0 = Debug|Any CPU
		{C80960A8-4F72-49B8-B485-F9695A234956}.Release|Any CPU.ActiveCfg = Release|Any CPU
		{C80960A8-4F72-49B8-B485-F9695A234956}.Release|Any CPU.Build.0 = Release|Any CPU
		{47518BF2-FF26-4E19-9143-23366853E97F}.Debug|Any CPU.ActiveCfg = Debug|Any CPU
		{47518BF2-FF26-4E19-9143-23366853E97F}.Debug|Any CPU.Build.0 = Debug|Any CPU
		{47518BF2-FF26-4E19-9143-23366853E97F}.Release|Any CPU.ActiveCfg = Release|Any CPU
		{47518BF2-FF26-4E19-9143-23366853E97F}.Release|Any CPU.Build.0 = Release|Any CPU
		{45F653BC-827A-4070-AC8E-D4A6850463B7}.Debug|Any CPU.ActiveCfg = Debug|Any CPU
		{45F653BC-827A-4070-AC8E-D4A6850463B7}.Debug|Any CPU.Build.0 = Debug|Any CPU
		{45F653BC-827A-4070-AC8E-D4A6850463B7}.Release|Any CPU.ActiveCfg = Release|Any CPU
		{45F653BC-827A-4070-AC8E-D4A6850463B7}.Release|Any CPU.Build.0 = Release|Any CPU
		{950E69F2-07D5-45E7-8D79-DD24DCA427AA}.Debug|Any CPU.ActiveCfg = Debug|Any CPU
		{950E69F2-07D5-45E7-8D79-DD24DCA427AA}.Debug|Any CPU.Build.0 = Debug|Any CPU
		{950E69F2-07D5-45E7-8D79-DD24DCA427AA}.Release|Any CPU.ActiveCfg = Release|Any CPU
		{950E69F2-07D5-45E7-8D79-DD24DCA427AA}.Release|Any CPU.Build.0 = Release|Any CPU
		{71C3619D-05F2-4A13-818F-8BBAD8B79CA3}.Debug|Any CPU.ActiveCfg = Debug|Any CPU
		{71C3619D-05F2-4A13-818F-8BBAD8B79CA3}.Debug|Any CPU.Build.0 = Debug|Any CPU
		{71C3619D-05F2-4A13-818F-8BBAD8B79CA3}.Release|Any CPU.ActiveCfg = Release|Any CPU
		{71C3619D-05F2-4A13-818F-8BBAD8B79CA3}.Release|Any CPU.Build.0 = Release|Any CPU
	EndGlobalSection
	GlobalSection(SolutionProperties) = preSolution
		HideSolutionNode = FALSE
	EndGlobalSection
	GlobalSection(NestedProjects) = preSolution
		{C9B66414-3A1B-4845-A6CA-091C924ECE15} = {E97F4987-47BF-4265-887A-4C08018E7B60}
		{22778D64-504C-42C5-808E-9A160252C81A} = {E97F4987-47BF-4265-887A-4C08018E7B60}
		{C137A3C4-A7F3-47FB-9AC2-30AFEAE6A2CF} = {E97F4987-47BF-4265-887A-4C08018E7B60}
		{C80960A8-4F72-49B8-B485-F9695A234956} = {C9B66414-3A1B-4845-A6CA-091C924ECE15}
		{47518BF2-FF26-4E19-9143-23366853E97F} = {C9B66414-3A1B-4845-A6CA-091C924ECE15}
		{45F653BC-827A-4070-AC8E-D4A6850463B7} = {22778D64-504C-42C5-808E-9A160252C81A}
		{950E69F2-07D5-45E7-8D79-DD24DCA427AA} = {22778D64-504C-42C5-808E-9A160252C81A}
		{71C3619D-05F2-4A13-818F-8BBAD8B79CA3} = {C137A3C4-A7F3-47FB-9AC2-30AFEAE6A2CF}
	EndGlobalSection
	GlobalSection(ExtensibilityGlobals) = postSolution
		SolutionGuid = {13A38AA6-24F9-4F25-A051-DA9CEDAA87AD}
	EndGlobalSection
EndGlobal
